
Microsoft Visual Studio Solution File, Format Version 12.00
# Visual Studio Version 16
VisualStudioVersion = 16.0.30204.135
MinimumVisualStudioVersion = 10.0.40219.1
Project("{FAE04EC0-301F-11D3-BF4B-00C04F79EFBC}") = "FSEarthTiles", "FSEarthTiles\FSEarthTiles.csproj", "{C15F9BDB-27FC-43E4-B2FE-33AAC472ACA8}"
	ProjectSection(ProjectDependencies) = postProject
		{4657AA05-8AC6-4B60-ADE4-2704734081D8} = {4657AA05-8AC6-4B60-ADE4-2704734081D8}
		{9E613137-3E68-4AAD-A172-DC6C89A49055} = {9E613137-3E68-4AAD-A172-DC6C89A49055}
		{4DFE5FCB-06FF-4606-9299-A7BFEEC27222} = {4DFE5FCB-06FF-4606-9299-A7BFEEC27222}
		{7E76BFAB-CD68-4C47-B52F-8738CA2CB8E4} = {7E76BFAB-CD68-4C47-B52F-8738CA2CB8E4}
		{A5AA864E-F982-404B-96FE-04A1B4307673} = {A5AA864E-F982-404B-96FE-04A1B4307673}
	EndProjectSection
EndProject
Project("{FAE04EC0-301F-11D3-BF4B-00C04F79EFBC}") = "FSEarthMasks", "FSEarthMasks\FSEarthMasks.csproj", "{4657AA05-8AC6-4B60-ADE4-2704734081D8}"
	ProjectSection(ProjectDependencies) = postProject
		{9E613137-3E68-4AAD-A172-DC6C89A49055} = {9E613137-3E68-4AAD-A172-DC6C89A49055}
		{7E76BFAB-CD68-4C47-B52F-8738CA2CB8E4} = {7E76BFAB-CD68-4C47-B52F-8738CA2CB8E4}
	EndProjectSection
EndProject
Project("{FAE04EC0-301F-11D3-BF4B-00C04F79EFBC}") = "FSEarthTilesInternalDLL", "FSEarthTilesInternalDLL\FSEarthTilesInternalDLL.csproj", "{6EA9EBED-689A-40B1-9872-9E456458DFA0}"
	ProjectSection(ProjectDependencies) = postProject
		{9E613137-3E68-4AAD-A172-DC6C89A49055} = {9E613137-3E68-4AAD-A172-DC6C89A49055}
	EndProjectSection
EndProject
Project("{FAE04EC0-301F-11D3-BF4B-00C04F79EFBC}") = "FSEarthMasksInternalDLL", "FSEarthMasksInternalDLL\FSEarthMasksInternalDLL.csproj", "{7E76BFAB-CD68-4C47-B52F-8738CA2CB8E4}"
	ProjectSection(ProjectDependencies) = postProject
		{9E613137-3E68-4AAD-A172-DC6C89A49055} = {9E613137-3E68-4AAD-A172-DC6C89A49055}
	EndProjectSection
EndProject
Project("{FAE04EC0-301F-11D3-BF4B-00C04F79EFBC}") = "FSEarthTilesDLL", "FSEarthTilesDLL\FSEarthTilesDLL.csproj", "{11E04B39-A0C7-4B3D-AC16-7C01A24BFEC3}"
	ProjectSection(ProjectDependencies) = postProject
		{9E613137-3E68-4AAD-A172-DC6C89A49055} = {9E613137-3E68-4AAD-A172-DC6C89A49055}
	EndProjectSection
EndProject
Project("{FAE04EC0-301F-11D3-BF4B-00C04F79EFBC}") = "FSEarthTilesDLLTester", "FSEarthTilesDLLTester\FSEarthTilesDLLTester.csproj", "{4DFE5FCB-06FF-4606-9299-A7BFEEC27222}"
	ProjectSection(ProjectDependencies) = postProject
		{7E76BFAB-CD68-4C47-B52F-8738CA2CB8E4} = {7E76BFAB-CD68-4C47-B52F-8738CA2CB8E4}
		{A5AA864E-F982-404B-96FE-04A1B4307673} = {A5AA864E-F982-404B-96FE-04A1B4307673}
		{11E04B39-A0C7-4B3D-AC16-7C01A24BFEC3} = {11E04B39-A0C7-4B3D-AC16-7C01A24BFEC3}
		{4657AA05-8AC6-4B60-ADE4-2704734081D8} = {4657AA05-8AC6-4B60-ADE4-2704734081D8}
	EndProjectSection
EndProject
Project("{FAE04EC0-301F-11D3-BF4B-00C04F79EFBC}") = "FSEarthMasksDLL", "FSEarthMasksDLL\FSEarthMasksDLL.csproj", "{A5AA864E-F982-404B-96FE-04A1B4307673}"
	ProjectSection(ProjectDependencies) = postProject
		{9E613137-3E68-4AAD-A172-DC6C89A49055} = {9E613137-3E68-4AAD-A172-DC6C89A49055}
	EndProjectSection
EndProject
Project("{FAE04EC0-301F-11D3-BF4B-00C04F79EFBC}") = "FSETScriptsTempFilesCleanUp", "FSETScriptsTempFilesCleanUp\FSETScriptsTempFilesCleanUp.csproj", "{9E613137-3E68-4AAD-A172-DC6C89A49055}"
EndProject
Project("{FAE04EC0-301F-11D3-BF4B-00C04F79EFBC}") = "clipper_library", "clipper_library\clipper_library.csproj", "{9B062971-A88E-4A3D-B3C9-12B78D15FA66}"
EndProject
Global
	GlobalSection(SolutionConfigurationPlatforms) = preSolution
		Debug|Any CPU = Debug|Any CPU
		Release|Any CPU = Release|Any CPU
	EndGlobalSection
	GlobalSection(ProjectConfigurationPlatforms) = postSolution
		{C15F9BDB-27FC-43E4-B2FE-33AAC472ACA8}.Debug|Any CPU.ActiveCfg = Debug|Any CPU
		{C15F9BDB-27FC-43E4-B2FE-33AAC472ACA8}.Debug|Any CPU.Build.0 = Debug|Any CPU
		{C15F9BDB-27FC-43E4-B2FE-33AAC472ACA8}.Release|Any CPU.ActiveCfg = Release|Any CPU
		{C15F9BDB-27FC-43E4-B2FE-33AAC472ACA8}.Release|Any CPU.Build.0 = Release|Any CPU
		{4657AA05-8AC6-4B60-ADE4-2704734081D8}.Debug|Any CPU.ActiveCfg = Debug|Any CPU
		{4657AA05-8AC6-4B60-ADE4-2704734081D8}.Debug|Any CPU.Build.0 = Debug|Any CPU
		{4657AA05-8AC6-4B60-ADE4-2704734081D8}.Release|Any CPU.ActiveCfg = Release|Any CPU
		{4657AA05-8AC6-4B60-ADE4-2704734081D8}.Release|Any CPU.Build.0 = Release|Any CPU
		{6EA9EBED-689A-40B1-9872-9E456458DFA0}.Debug|Any CPU.ActiveCfg = Debug|Any CPU
		{6EA9EBED-689A-40B1-9872-9E456458DFA0}.Debug|Any CPU.Build.0 = Debug|Any CPU
		{6EA9EBED-689A-40B1-9872-9E456458DFA0}.Release|Any CPU.ActiveCfg = Release|Any CPU
		{6EA9EBED-689A-40B1-9872-9E456458DFA0}.Release|Any CPU.Build.0 = Release|Any CPU
		{7E76BFAB-CD68-4C47-B52F-8738CA2CB8E4}.Debug|Any CPU.ActiveCfg = Debug|Any CPU
		{7E76BFAB-CD68-4C47-B52F-8738CA2CB8E4}.Debug|Any CPU.Build.0 = Debug|Any CPU
		{7E76BFAB-CD68-4C47-B52F-8738CA2CB8E4}.Release|Any CPU.ActiveCfg = Release|Any CPU
		{7E76BFAB-CD68-4C47-B52F-8738CA2CB8E4}.Release|Any CPU.Build.0 = Release|Any CPU
		{11E04B39-A0C7-4B3D-AC16-7C01A24BFEC3}.Debug|Any CPU.ActiveCfg = Debug|Any CPU
		{11E04B39-A0C7-4B3D-AC16-7C01A24BFEC3}.Debug|Any CPU.Build.0 = Debug|Any CPU
		{11E04B39-A0C7-4B3D-AC16-7C01A24BFEC3}.Release|Any CPU.ActiveCfg = Release|Any CPU
		{11E04B39-A0C7-4B3D-AC16-7C01A24BFEC3}.Release|Any CPU.Build.0 = Release|Any CPU
		{4DFE5FCB-06FF-4606-9299-A7BFEEC27222}.Debug|Any CPU.ActiveCfg = Debug|Any CPU
		{4DFE5FCB-06FF-4606-9299-A7BFEEC27222}.Debug|Any CPU.Build.0 = Debug|Any CPU
		{4DFE5FCB-06FF-4606-9299-A7BFEEC27222}.Release|Any CPU.ActiveCfg = Release|Any CPU
		{4DFE5FCB-06FF-4606-9299-A7BFEEC27222}.Release|Any CPU.Build.0 = Release|Any CPU
		{A5AA864E-F982-404B-96FE-04A1B4307673}.Debug|Any CPU.ActiveCfg = Debug|Any CPU
		{A5AA864E-F982-404B-96FE-04A1B4307673}.Debug|Any CPU.Build.0 = Debug|Any CPU
		{A5AA864E-F982-404B-96FE-04A1B4307673}.Release|Any CPU.ActiveCfg = Release|Any CPU
		{A5AA864E-F982-404B-96FE-04A1B4307673}.Release|Any CPU.Build.0 = Release|Any CPU
		{9E613137-3E68-4AAD-A172-DC6C89A49055}.Debug|Any CPU.ActiveCfg = Debug|Any CPU
		{9E613137-3E68-4AAD-A172-DC6C89A49055}.Debug|Any CPU.Build.0 = Debug|Any CPU
		{9E613137-3E68-4AAD-A172-DC6C89A49055}.Release|Any CPU.ActiveCfg = Release|Any CPU
		{9E613137-3E68-4AAD-A172-DC6C89A49055}.Release|Any CPU.Build.0 = Release|Any CPU
		{9B062971-A88E-4A3D-B3C9-12B78D15FA66}.Debug|Any CPU.ActiveCfg = Debug|Any CPU
		{9B062971-A88E-4A3D-B3C9-12B78D15FA66}.Debug|Any CPU.Build.0 = Debug|Any CPU
		{9B062971-A88E-4A3D-B3C9-12B78D15FA66}.Release|Any CPU.ActiveCfg = Release|Any CPU
		{9B062971-A88E-4A3D-B3C9-12B78D15FA66}.Release|Any CPU.Build.0 = Release|Any CPU
	EndGlobalSection
	GlobalSection(SolutionProperties) = preSolution
		HideSolutionNode = FALSE
	EndGlobalSection
	GlobalSection(ExtensibilityGlobals) = postSolution
		SolutionGuid = {A706FA30-867D-4785-9C38-5E940440AFA4}
	EndGlobalSection
EndGlobal
